PODS:
  - Alamofire (3.4.1)
  - SFDraggableDialogView (1.1.4)

DEPENDENCIES:
  - Alamofire
  - SFDraggableDialogView

SPEC CHECKSUMS:
  Alamofire: 01a82e2f6c0f860ade35534c8dd88be61bdef40c
  SFDraggableDialogView: cfe9b80b5fff19f7e0fda86dcabee8b03a4c3b44

PODFILE CHECKSUM: 7eabd4b332cc313de48fdcb8b42cc3218673eda8

COCOAPODS: 1.0.1
